{
  "name": "punkapi-explorer",
  "version": "0.1.0",
  "lockfileVersion": 1,
  "requires": true,
  "dependencies": {
    "@types/history": {
      "version": "4.7.3",
      "resolved": "https://sto-proget-01.bde.local/npm/OBG-NPM/@types/history/-/history-4.7.3.tgz",
      "integrity": "sha512-cS5owqtwzLN5kY+l+KgKdRJ/Cee8tlmQoGQuIE9tWnSmS3JMKzmxo2HIAk2wODMifGwO20d62xZQLYz+RLfXmw==",
      "dev": true
    },
    "@types/prop-types": {
      "version": "15.7.1",
      "resolved": "https://sto-proget-01.bde.local/npm/OBG-NPM/@types/prop-types/-/prop-types-15.7.1.tgz",
      "integrity": "sha1-8aEee6uww8rWgQC+OB0eBkxo8fY="
    },
    "@types/react": {
      "version": "16.9.1",
      "resolved": "https://sto-proget-01.bde.local/npm/OBG-NPM/@types/react/-/react-16.9.1.tgz",
      "integrity": "sha512-jGM2x8F7m7/r+81N/BOaUKVwbC5Cdw6ExlWEUpr77XPwVeNvAppnPEnMMLMfxRDYL8FPEX8MHjwtD2NQMJ0yyQ==",
      "requires": {
        "@types/prop-types": "15.7.1",
        "csstype": "2.6.6"
      }
    },
    "@types/react-dom": {
      "version": "16.8.5",
      "resolved": "https://sto-proget-01.bde.local/npm/OBG-NPM/@types/react-dom/-/react-dom-16.8.5.tgz",
      "integrity": "sha1-Pj9NmRmTkaf7QKo6FVyN2ZuJnL0=",
      "requires": {
        "@types/react": "16.9.1"
      }
    },
    "@types/react-router": {
      "version": "5.0.3",
      "resolved": "https://sto-proget-01.bde.local/npm/OBG-NPM/@types/react-router/-/react-router-5.0.3.tgz",
      "integrity": "sha1-hVoWBuYt4/TWnqNPs8DlDpjpZNU=",
      "dev": true,
      "requires": {
        "@types/history": "4.7.3",
        "@types/react": "16.9.1"
      }
    },
    "@types/react-router-dom": {
      "version": "4.3.5",
      "resolved": "https://sto-proget-01.bde.local/npm/OBG-NPM/@types/react-router-dom/-/react-router-dom-4.3.5.tgz",
      "integrity": "sha512-eFajSUASYbPHg2BDM1G8Btx+YqGgvROPIg6sBhl3O4kbDdYXdFdfrgQFf/pcBuQVObjfT9AL/dd15jilR5DIEA==",
      "dev": true,
      "requires": {
        "@types/history": "4.7.3",
        "@types/react": "16.9.1",
        "@types/react-router": "5.0.3"
      }
    },
    "axios": {
      "version": "0.19.0",
      "resolved": "https://sto-proget-01.bde.local/npm/OBG-NPM/axios/-/axios-0.19.0.tgz",
      "integrity": "sha1-jgm/89kSLhM/e4EByPvdAO09Krg=",
      "requires": {
        "follow-redirects": "1.5.10",
        "is-buffer": "2.0.3"
      }
    },
    "csstype": {
      "version": "2.6.6",
      "resolved": "https://sto-proget-01.bde.local/npm/OBG-NPM/csstype/-/csstype-2.6.6.tgz",
      "integrity": "sha1-w0+CJqlLuxDDLMDXFK/flCKR/EE="
    },
    "debug": {
      "version": "3.1.0",
      "resolved": "https://sto-proget-01.bde.local/npm/OBG-NPM/debug/-/debug-3.1.0.tgz",
      "integrity": "sha1-W7WgZyYotkFJVmuhaBnmFRjGcmE=",
      "requires": {
        "ms": "2.0.0"
      }
    },
    "follow-redirects": {
      "version": "1.5.10",
      "resolved": "https://sto-proget-01.bde.local/npm/OBG-NPM/follow-redirects/-/follow-redirects-1.5.10.tgz",
      "integrity": "sha1-e3qfmuov3/NnhqlP9kPtB/T/Xio=",
      "requires": {
        "debug": "3.1.0"
      }
    },
    "is-buffer": {
      "version": "2.0.3",
      "resolved": "https://sto-proget-01.bde.local/npm/OBG-NPM/is-buffer/-/is-buffer-2.0.3.tgz",
      "integrity": "sha1-Ts8/z3ScvR5HJonhCaxmJhol5yU="
    },
    "ms": {
      "version": "2.0.0",
      "resolved": "https://sto-proget-01.bde.local/npm/OBG-NPM/ms/-/ms-2.0.0.tgz",
      "integrity": "sha1-VgiurfwAvmwpAd9fmGF4jeDVl8g="
    }
  }
}
